
Microsoft Visual Studio Solution File, Format Version 12.00
# Visual Studio Version 16
VisualStudioVersion = 16.0.31424.327
MinimumVisualStudioVersion = 10.0.40219.1
Project("{9A19103F-16F7-4668-BE54-9A1E7A4F7556}") = "WebApp", "WebApp\WebApp.csproj", "{C1696F8C-299A-4339-A745-BB414FA15E6E}"
EndProject
Project("{9A19103F-16F7-4668-BE54-9A1E7A4F7556}") = "UseCases", "UseCases\UseCases.csproj", "{E66EFF64-5D78-46FF-A583-58139CD2D820}"
EndProject
Project("{9A19103F-16F7-4668-BE54-9A1E7A4F7556}") = "CoreBusiness", "CoreBusiness\CoreBusiness.csproj", "{ED474221-8FE5-4D6E-A29F-E6055DB35192}"
EndProject
Project("{9A19103F-16F7-4668-BE54-9A1E7A4F7556}") = "Plugins.DataStore.InMemory", "Plugins.DataStore.InMemory\Plugins.DataStore.InMemory.csproj", "{5534ECF5-2398-46BC-90A4-8F07FD2DE67B}"
EndProject
Project("{9A19103F-16F7-4668-BE54-9A1E7A4F7556}") = "Plugins.DataStore.SQL", "Plugins.DataStore.SQL\Plugins.DataStore.SQL.csproj", "{AA750B68-FC6B-400B-A8AB-FF35BAAAA292}"
EndProject
Global
	GlobalSection(SolutionConfigurationPlatforms) = preSolution
		Debug|Any CPU = Debug|Any CPU
		Release|Any CPU = Release|Any CPU
	EndGlobalSection
	GlobalSection(ProjectConfigurationPlatforms) = postSolution
		{C1696F8C-299A-4339-A745-BB414FA15E6E}.Debug|Any CPU.ActiveCfg = Debug|Any CPU
		{C1696F8C-299A-4339-A745-BB414FA15E6E}.Debug|Any CPU.Build.0 = Debug|Any CPU
		{C1696F8C-299A-4339-A745-BB414FA15E6E}.Release|Any CPU.ActiveCfg = Release|Any CPU
		{C1696F8C-299A-4339-A745-BB414FA15E6E}.Release|Any CPU.Build.0 = Release|Any CPU
		{E66EFF64-5D78-46FF-A583-58139CD2D820}.Debug|Any CPU.ActiveCfg = Debug|Any CPU
		{E66EFF64-5D78-46FF-A583-58139CD2D820}.Debug|Any CPU.Build.0 = Debug|Any CPU
		{E66EFF64-5D78-46FF-A583-58139CD2D820}.Release|Any CPU.ActiveCfg = Release|Any CPU
		{E66EFF64-5D78-46FF-A583-58139CD2D820}.Release|Any CPU.Build.0 = Release|Any CPU
		{ED474221-8FE5-4D6E-A29F-E6055DB35192}.Debug|Any CPU.ActiveCfg = Debug|Any CPU
		{ED474221-8FE5-4D6E-A29F-E6055DB35192}.Debug|Any CPU.Build.0 = Debug|Any CPU
		{ED474221-8FE5-4D6E-A29F-E6055DB35192}.Release|Any CPU.ActiveCfg = Release|Any CPU
		{ED474221-8FE5-4D6E-A29F-E6055DB35192}.Release|Any CPU.Build.0 = Release|Any CPU
		{5534ECF5-2398-46BC-90A4-8F07FD2DE67B}.Debug|Any CPU.ActiveCfg = Debug|Any CPU
		{5534ECF5-2398-46BC-90A4-8F07FD2DE67B}.Debug|Any CPU.Build.0 = Debug|Any CPU
		{5534ECF5-2398-46BC-90A4-8F07FD2DE67B}.Release|Any CPU.ActiveCfg = Release|Any CPU
		{5534ECF5-2398-46BC-90A4-8F07FD2DE67B}.Release|Any CPU.Build.0 = Release|Any CPU
		{AA750B68-FC6B-400B-A8AB-FF35BAAAA292}.Debug|Any CPU.ActiveCfg = Debug|Any CPU
		{AA750B68-FC6B-400B-A8AB-FF35BAAAA292}.Debug|Any CPU.Build.0 = Debug|Any CPU
		{AA750B68-FC6B-400B-A8AB-FF35BAAAA292}.Release|Any CPU.ActiveCfg = Release|Any CPU
		{AA750B68-FC6B-400B-A8AB-FF35BAAAA292}.Release|Any CPU.Build.0 = Release|Any CPU
	EndGlobalSection
	GlobalSection(SolutionProperties) = preSolution
		HideSolutionNode = FALSE
	EndGlobalSection
	GlobalSection(ExtensibilityGlobals) = postSolution
		SolutionGuid = {9998EB4E-631E-436B-A71A-4B69107E997A}
	EndGlobalSection
EndGlobal
